
Microsoft Visual Studio Solution File, Format Version 12.00
# Visual Studio Version 16
VisualStudioVersion = 16.0.30907.101
MinimumVisualStudioVersion = 10.0.40219.1
Project("{9A19103F-16F7-4668-BE54-9A1E7A4F7556}") = "KstTest", "KstTest\KstTest.csproj", "{F3A25B34-9CC3-4E71-A421-A208FAF6D31B}"
EndProject
Project("{FAE04EC0-301F-11D3-BF4B-00C04F79EFBC}") = "KstUnitTest", "KstUnitTest\KstUnitTest.csproj", "{F6344218-3A3F-4B03-956F-E01AA81C8456}"
EndProject
Global
	GlobalSection(SolutionConfigurationPlatforms) = preSolution
		Debug|Any CPU = Debug|Any CPU
		Release|Any CPU = Release|Any CPU
	EndGlobalSection
	GlobalSection(ProjectConfigurationPlatforms) = postSolution
		{F3A25B34-9CC3-4E71-A421-A208FAF6D31B}.Debug|Any CPU.ActiveCfg = Debug|Any CPU
		{F3A25B34-9CC3-4E71-A421-A208FAF6D31B}.Debug|Any CPU.Build.0 = Debug|Any CPU
		{F3A25B34-9CC3-4E71-A421-A208FAF6D31B}.Release|Any CPU.ActiveCfg = Release|Any CPU
		{F3A25B34-9CC3-4E71-A421-A208FAF6D31B}.Release|Any CPU.Build.0 = Release|Any CPU
		{F6344218-3A3F-4B03-956F-E01AA81C8456}.Debug|Any CPU.ActiveCfg = Debug|Any CPU
		{F6344218-3A3F-4B03-956F-E01AA81C8456}.Debug|Any CPU.Build.0 = Debug|Any CPU
		{F6344218-3A3F-4B03-956F-E01AA81C8456}.Release|Any CPU.ActiveCfg = Release|Any CPU
		{F6344218-3A3F-4B03-956F-E01AA81C8456}.Release|Any CPU.Build.0 = Release|Any CPU
	EndGlobalSection
	GlobalSection(SolutionProperties) = preSolution
		HideSolutionNode = FALSE
	EndGlobalSection
	GlobalSection(ExtensibilityGlobals) = postSolution
		SolutionGuid = {6E6C1009-55F0-40ED-BEDC-6C47603725F3}
	EndGlobalSection
EndGlobal
